
Microsoft Visual Studio Solution File, Format Version 12.00
# Visual Studio 14
VisualStudioVersion = 14.0.25420.1
MinimumVisualStudioVersion = 10.0.40219.1
Project("{FAE04EC0-301F-11D3-BF4B-00C04F79EFBC}") = "JBrown.TaskExtensions", "JBrown.TaskExtensions\JBrown.TaskExtensions.csproj", "{FBF658D7-9A6A-4F87-BE3D-ABE24F1364BF}"
EndProject
Project("{FAE04EC0-301F-11D3-BF4B-00C04F79EFBC}") = "JBrown.TaskExtensions.Tests", "JBrown.TaskExtensions.Tests\JBrown.TaskExtensions.Tests.csproj", "{74CC421A-3208-49F0-A0AF-DADBB847F7E4}"
EndProject
Global
	GlobalSection(SolutionConfigurationPlatforms) = preSolution
		Debug|Any CPU = Debug|Any CPU
		Release|Any CPU = Release|Any CPU
	EndGlobalSection
	GlobalSection(ProjectConfigurationPlatforms) = postSolution
		{FBF658D7-9A6A-4F87-BE3D-ABE24F1364BF}.Debug|Any CPU.ActiveCfg = Debug|Any CPU
		{FBF658D7-9A6A-4F87-BE3D-ABE24F1364BF}.Debug|Any CPU.Build.0 = Debug|Any CPU
		{FBF658D7-9A6A-4F87-BE3D-ABE24F1364BF}.Release|Any CPU.ActiveCfg = Release|Any CPU
		{FBF658D7-9A6A-4F87-BE3D-ABE24F1364BF}.Release|Any CPU.Build.0 = Release|Any CPU
		{74CC421A-3208-49F0-A0AF-DADBB847F7E4}.Debug|Any CPU.ActiveCfg = Debug|Any CPU
		{74CC421A-3208-49F0-A0AF-DADBB847F7E4}.Debug|Any CPU.Build.0 = Debug|Any CPU
		{74CC421A-3208-49F0-A0AF-DADBB847F7E4}.Release|Any CPU.ActiveCfg = Release|Any CPU
		{74CC421A-3208-49F0-A0AF-DADBB847F7E4}.Release|Any CPU.Build.0 = Release|Any CPU
	EndGlobalSection
	GlobalSection(SolutionProperties) = preSolution
		HideSolutionNode = FALSE
	EndGlobalSection
EndGlobal
